
Microsoft Visual Studio Solution File, Format Version 12.00
# Visual Studio 2013
VisualStudioVersion = 12.0.31101.0
MinimumVisualStudioVersion = 10.0.40219.1
Project("{FAE04EC0-301F-11D3-BF4B-00C04F79EFBC}") = "MSPA Reader", "Reader UI\MSPA Reader.csproj", "{F71D9181-0318-45D4-864B-B72A5E934986}"
EndProject
Project("{2150E333-8FDC-42A3-9474-1A3956D46DE8}") = "Test Resources", "Test Resources", "{592A67F2-1B5F-41E2-BA21-609E9B4FFA28}"
	ProjectSection(SolutionItems) = preProject
		Test Resources\00001.gif = Test Resources\00001.gif
		Test Resources\02926.swf = Test Resources\02926.swf
		Test Resources\2xExample.html = Test Resources\2xExample.html
		Test Resources\cascade_loaderExt.swf = Test Resources\cascade_loaderExt.swf
		Test Resources\cascade_segment1.swf = Test Resources\cascade_segment1.swf
		Test Resources\cascade_segment2.swf = Test Resources\cascade_segment2.swf
		Test Resources\cascade_segment3.swf = Test Resources\cascade_segment3.swf
		Test Resources\cascade_segment4.swf = Test Resources\cascade_segment4.swf
		Test Resources\cascade_segment5.swf = Test Resources\cascade_segment5.swf
		Test Resources\edgeCase1.html = Test Resources\edgeCase1.html
		Test Resources\edgeCase2.html = Test Resources\edgeCase2.html
		Test Resources\typicalConversation.html = Test Resources\typicalConversation.html
		Test Resources\typicalConversation2.html = Test Resources\typicalConversation2.html
		Test Resources\typicalConversation3.html = Test Resources\typicalConversation3.html
		Test Resources\typicalNarrative.html = Test Resources\typicalNarrative.html
		Test Resources\typicalNarrative2.html = Test Resources\typicalNarrative2.html
	EndProjectSection
EndProject
Project("{2150E333-8FDC-42A3-9474-1A3956D46DE8}") = "SQL Scripts", "SQL Scripts", "{4E3AF806-31F8-4AC8-A46C-E70352F422DB}"
	ProjectSection(SolutionItems) = preProject
		Reader UI\bin\Debug\DBCreation.sql = Reader UI\bin\Debug\DBCreation.sql
		Reader UI\bin\Release\DBCreation.sql = Reader UI\bin\Release\DBCreation.sql
	EndProjectSection
EndProject
Project("{2150E333-8FDC-42A3-9474-1A3956D46DE8}") = ".nuget", ".nuget", "{694961AC-263C-435B-9BAA-46CB1026EC39}"
	ProjectSection(SolutionItems) = preProject
		.nuget\NuGet.Config = .nuget\NuGet.Config
		.nuget\NuGet.exe = .nuget\NuGet.exe
		.nuget\NuGet.targets = .nuget\NuGet.targets
	EndProjectSection
EndProject
Project("{2150E333-8FDC-42A3-9474-1A3956D46DE8}") = "Redistributables", "Redistributables", "{B8F4E2F9-306B-484F-A2FB-FF69F0B0586D}"
	ProjectSection(SolutionItems) = preProject
		Redist\dotNetFx45_Full_setup.exe = Redist\dotNetFx45_Full_setup.exe
		Redist\NDP46-KB3033091-x86-x64-AllOS-ENU.exe = Redist\NDP46-KB3033091-x86-x64-AllOS-ENU.exe
		Redist\SqlLocalDBx64.msi = Redist\SqlLocalDBx64.msi
		Redist\SqlLocalDBx86.msi = Redist\SqlLocalDBx86.msi
	EndProjectSection
EndProject
Project("{2150E333-8FDC-42A3-9474-1A3956D46DE8}") = "Solution Items", "Solution Items", "{E8E8A41C-C73A-4838-80E3-6BF34E11355E}"
	ProjectSection(SolutionItems) = preProject
		TODO.txt = TODO.txt
	EndProjectSection
EndProject
Global
	GlobalSection(SolutionConfigurationPlatforms) = preSolution
		Debug|Any CPU = Debug|Any CPU
		Release|Any CPU = Release|Any CPU
	EndGlobalSection
	GlobalSection(ProjectConfigurationPlatforms) = postSolution
		{F71D9181-0318-45D4-864B-B72A5E934986}.Debug|Any CPU.ActiveCfg = Debug|Any CPU
		{F71D9181-0318-45D4-864B-B72A5E934986}.Debug|Any CPU.Build.0 = Debug|Any CPU
		{F71D9181-0318-45D4-864B-B72A5E934986}.Release|Any CPU.ActiveCfg = Release|Any CPU
		{F71D9181-0318-45D4-864B-B72A5E934986}.Release|Any CPU.Build.0 = Release|Any CPU
	EndGlobalSection
	GlobalSection(SolutionProperties) = preSolution
		HideSolutionNode = FALSE
	EndGlobalSection
EndGlobal
