
Microsoft Visual Studio Solution File, Format Version 12.00
# Visual Studio 2013
VisualStudioVersion = 12.0.31101.0
MinimumVisualStudioVersion = 10.0.40219.1
Project("{FAE04EC0-301F-11D3-BF4B-00C04F79EFBC}") = "MSPA Reader", "Reader UI\MSPA Reader.csproj", "{F71D9181-0318-45D4-864B-B72A5E934986}"
EndProject
Project("{2150E333-8FDC-42A3-9474-1A3956D46DE8}") = ".nuget", ".nuget", "{694961AC-263C-435B-9BAA-46CB1026EC39}"
	ProjectSection(SolutionItems) = preProject
		.nuget\NuGet.Config = .nuget\NuGet.Config
		.nuget\NuGet.exe = .nuget\NuGet.exe
		.nuget\NuGet.targets = .nuget\NuGet.targets
	EndProjectSection
EndProject
Project("{2150E333-8FDC-42A3-9474-1A3956D46DE8}") = "Solution Items", "Solution Items", "{E8E8A41C-C73A-4838-80E3-6BF34E11355E}"
	ProjectSection(SolutionItems) = preProject
		.gitignore = .gitignore
		CHANGELOG.txt = CHANGELOG.txt
		CurrentVersion.txt = CurrentVersion.txt
		KnownProblemPages.txt = KnownProblemPages.txt
		LICENSE = LICENSE
		README.md = README.md
		TODO.txt = TODO.txt
	EndProjectSection
EndProject
Global
	GlobalSection(SolutionConfigurationPlatforms) = preSolution
		Debug|Any CPU = Debug|Any CPU
		Release|Any CPU = Release|Any CPU
	EndGlobalSection
	GlobalSection(ProjectConfigurationPlatforms) = postSolution
		{F71D9181-0318-45D4-864B-B72A5E934986}.Debug|Any CPU.ActiveCfg = Debug|Any CPU
		{F71D9181-0318-45D4-864B-B72A5E934986}.Debug|Any CPU.Build.0 = Debug|Any CPU
		{F71D9181-0318-45D4-864B-B72A5E934986}.Release|Any CPU.ActiveCfg = Release|Any CPU
		{F71D9181-0318-45D4-864B-B72A5E934986}.Release|Any CPU.Build.0 = Release|Any CPU
	EndGlobalSection
	GlobalSection(SolutionProperties) = preSolution
		HideSolutionNode = FALSE
	EndGlobalSection
EndGlobal
